
Microsoft Visual Studio Solution File, Format Version 12.00
# Visual Studio Version 17
VisualStudioVersion = 17.0.32014.148
MinimumVisualStudioVersion = 10.0.40219.1
Project("{FAE04EC0-301F-11D3-BF4B-00C04F79EFBC}") = "APIGateway", "APIGateway\APIGateway.csproj", "{2AC5FD03-F7D9-4B0A-987F-3E8095493FB9}"
EndProject
Project("{2150E333-8FDC-42A3-9474-1A3956D46DE8}") = "Services", "Services", "{8B77BC93-F90A-4314-A2CD-AF071E755043}"
EndProject
Project("{FAE04EC0-301F-11D3-BF4B-00C04F79EFBC}") = "Contact.API", "Services\ContactAPI\Contact.API\Contact.API.csproj", "{3EA6107F-1415-45FC-BD74-C961E1B9BCC0}"
EndProject
Project("{FAE04EC0-301F-11D3-BF4B-00C04F79EFBC}") = "Reservation.API", "Services\ResAPI\Reservation.API\Reservation.API.csproj", "{E8451FD5-0CBA-44DA-8CC3-1D39E2832D91}"
EndProject
Project("{2150E333-8FDC-42A3-9474-1A3956D46DE8}") = "ContactAPI", "ContactAPI", "{E9DBFAE3-1F0D-41AB-9150-CD206FFAE254}"
EndProject
Project("{2150E333-8FDC-42A3-9474-1A3956D46DE8}") = "ReservationAPI", "ReservationAPI", "{15C9157A-DCF0-4730-9BC4-8D2A0512CE99}"
EndProject
Project("{FAE04EC0-301F-11D3-BF4B-00C04F79EFBC}") = "Contact.API.Infrastructure", "Services\ContactAPI\Contact.API.Infrastructure\Contact.API.Infrastructure.csproj", "{CA7707DA-0474-4841-8064-E5A563406B2F}"
EndProject
Project("{FAE04EC0-301F-11D3-BF4B-00C04F79EFBC}") = "Contact.API.Models", "Services\ContactAPI\Contact.API.Models\Contact.API.Models.csproj", "{9F287399-EB4D-4DAC-8024-2B0713285CB4}"
EndProject
Project("{FAE04EC0-301F-11D3-BF4B-00C04F79EFBC}") = "Contact.API.Services", "Services\ContactAPI\Contact.API.Services\Contact.API.Services.csproj", "{4EE067B6-FD2E-43F7-9663-85E1C7859AE9}"
EndProject
Global
	GlobalSection(SolutionConfigurationPlatforms) = preSolution
		Debug|Any CPU = Debug|Any CPU
		Release|Any CPU = Release|Any CPU
	EndGlobalSection
	GlobalSection(ProjectConfigurationPlatforms) = postSolution
		{2AC5FD03-F7D9-4B0A-987F-3E8095493FB9}.Debug|Any CPU.ActiveCfg = Debug|Any CPU
		{2AC5FD03-F7D9-4B0A-987F-3E8095493FB9}.Debug|Any CPU.Build.0 = Debug|Any CPU
		{2AC5FD03-F7D9-4B0A-987F-3E8095493FB9}.Release|Any CPU.ActiveCfg = Release|Any CPU
		{2AC5FD03-F7D9-4B0A-987F-3E8095493FB9}.Release|Any CPU.Build.0 = Release|Any CPU
		{3EA6107F-1415-45FC-BD74-C961E1B9BCC0}.Debug|Any CPU.ActiveCfg = Debug|Any CPU
		{3EA6107F-1415-45FC-BD74-C961E1B9BCC0}.Debug|Any CPU.Build.0 = Debug|Any CPU
		{3EA6107F-1415-45FC-BD74-C961E1B9BCC0}.Release|Any CPU.ActiveCfg = Release|Any CPU
		{3EA6107F-1415-45FC-BD74-C961E1B9BCC0}.Release|Any CPU.Build.0 = Release|Any CPU
		{E8451FD5-0CBA-44DA-8CC3-1D39E2832D91}.Debug|Any CPU.ActiveCfg = Debug|Any CPU
		{E8451FD5-0CBA-44DA-8CC3-1D39E2832D91}.Debug|Any CPU.Build.0 = Debug|Any CPU
		{E8451FD5-0CBA-44DA-8CC3-1D39E2832D91}.Release|Any CPU.ActiveCfg = Release|Any CPU
		{E8451FD5-0CBA-44DA-8CC3-1D39E2832D91}.Release|Any CPU.Build.0 = Release|Any CPU
		{CA7707DA-0474-4841-8064-E5A563406B2F}.Debug|Any CPU.ActiveCfg = Debug|Any CPU
		{CA7707DA-0474-4841-8064-E5A563406B2F}.Debug|Any CPU.Build.0 = Debug|Any CPU
		{CA7707DA-0474-4841-8064-E5A563406B2F}.Release|Any CPU.ActiveCfg = Release|Any CPU
		{CA7707DA-0474-4841-8064-E5A563406B2F}.Release|Any CPU.Build.0 = Release|Any CPU
		{9F287399-EB4D-4DAC-8024-2B0713285CB4}.Debug|Any CPU.ActiveCfg = Debug|Any CPU
		{9F287399-EB4D-4DAC-8024-2B0713285CB4}.Debug|Any CPU.Build.0 = Debug|Any CPU
		{9F287399-EB4D-4DAC-8024-2B0713285CB4}.Release|Any CPU.ActiveCfg = Release|Any CPU
		{9F287399-EB4D-4DAC-8024-2B0713285CB4}.Release|Any CPU.Build.0 = Release|Any CPU
		{4EE067B6-FD2E-43F7-9663-85E1C7859AE9}.Debug|Any CPU.ActiveCfg = Debug|Any CPU
		{4EE067B6-FD2E-43F7-9663-85E1C7859AE9}.Debug|Any CPU.Build.0 = Debug|Any CPU
		{4EE067B6-FD2E-43F7-9663-85E1C7859AE9}.Release|Any CPU.ActiveCfg = Release|Any CPU
		{4EE067B6-FD2E-43F7-9663-85E1C7859AE9}.Release|Any CPU.Build.0 = Release|Any CPU
	EndGlobalSection
	GlobalSection(SolutionProperties) = preSolution
		HideSolutionNode = FALSE
	EndGlobalSection
	GlobalSection(NestedProjects) = preSolution
		{3EA6107F-1415-45FC-BD74-C961E1B9BCC0} = {E9DBFAE3-1F0D-41AB-9150-CD206FFAE254}
		{E8451FD5-0CBA-44DA-8CC3-1D39E2832D91} = {15C9157A-DCF0-4730-9BC4-8D2A0512CE99}
		{E9DBFAE3-1F0D-41AB-9150-CD206FFAE254} = {8B77BC93-F90A-4314-A2CD-AF071E755043}
		{15C9157A-DCF0-4730-9BC4-8D2A0512CE99} = {8B77BC93-F90A-4314-A2CD-AF071E755043}
		{CA7707DA-0474-4841-8064-E5A563406B2F} = {E9DBFAE3-1F0D-41AB-9150-CD206FFAE254}
		{9F287399-EB4D-4DAC-8024-2B0713285CB4} = {E9DBFAE3-1F0D-41AB-9150-CD206FFAE254}
		{4EE067B6-FD2E-43F7-9663-85E1C7859AE9} = {E9DBFAE3-1F0D-41AB-9150-CD206FFAE254}
	EndGlobalSection
	GlobalSection(ExtensibilityGlobals) = postSolution
		SolutionGuid = {BEF0C066-7A62-421E-9D63-4FA045D2AD59}
	EndGlobalSection
EndGlobal
