
Microsoft Visual Studio Solution File, Format Version 12.00
# Visual Studio Version 17
VisualStudioVersion = 17.0.32014.148
MinimumVisualStudioVersion = 10.0.40219.1
Project("{9A19103F-16F7-4668-BE54-9A1E7A4F7556}") = "APIGateway", "APIGateway\APIGateway.csproj", "{2AC5FD03-F7D9-4B0A-987F-3E8095493FB9}"
EndProject
Project("{2150E333-8FDC-42A3-9474-1A3956D46DE8}") = "Services", "Services", "{8B77BC93-F90A-4314-A2CD-AF071E755043}"
EndProject
Project("{9A19103F-16F7-4668-BE54-9A1E7A4F7556}") = "Contact.API", "Services\ContactAPI\Contact.API\Contact.API.csproj", "{3EA6107F-1415-45FC-BD74-C961E1B9BCC0}"
EndProject
Project("{2150E333-8FDC-42A3-9474-1A3956D46DE8}") = "ContactAPI", "ContactAPI", "{E9DBFAE3-1F0D-41AB-9150-CD206FFAE254}"
EndProject
Project("{9A19103F-16F7-4668-BE54-9A1E7A4F7556}") = "Contact.API.Infrastructure", "Services\ContactAPI\Contact.API.Infrastructure\Contact.API.Infrastructure.csproj", "{CA7707DA-0474-4841-8064-E5A563406B2F}"
EndProject
Project("{9A19103F-16F7-4668-BE54-9A1E7A4F7556}") = "Contact.API.Models", "Services\ContactAPI\Contact.API.Models\Contact.API.Models.csproj", "{9F287399-EB4D-4DAC-8024-2B0713285CB4}"
EndProject
Project("{9A19103F-16F7-4668-BE54-9A1E7A4F7556}") = "Contact.API.Services", "Services\ContactAPI\Contact.API.Services\Contact.API.Services.csproj", "{4EE067B6-FD2E-43F7-9663-85E1C7859AE9}"
EndProject
Project("{2150E333-8FDC-42A3-9474-1A3956D46DE8}") = "RestAPI", "RestAPI", "{7E0D7FED-1B5F-4B20-A69F-B881D45CACEA}"
EndProject
Project("{9A19103F-16F7-4668-BE54-9A1E7A4F7556}") = "Reservation.API", "Services\RestAPI\Reservation.API\Reservation.API.csproj", "{2064D91E-E7D6-42F7-9214-E0B263086B50}"
EndProject
Project("{9A19103F-16F7-4668-BE54-9A1E7A4F7556}") = "Reservation.API.Infrastructure", "Services\RestAPI\Reservation.API.Infrastructure\Reservation.API.Infrastructure.csproj", "{6D892551-4A94-4AE1-8647-03039789B121}"
EndProject
Project("{9A19103F-16F7-4668-BE54-9A1E7A4F7556}") = "Reservation.API.Models", "Services\RestAPI\Reservation.API.Models\Reservation.API.Models.csproj", "{C7C8A320-185D-4878-AA13-928E21CCBA09}"
EndProject
Project("{9A19103F-16F7-4668-BE54-9A1E7A4F7556}") = "Reservation.API.Services", "Services\RestAPI\Reservation.API.Services\Reservation.API.Services.csproj", "{52E26CFD-B285-4C0D-BD4C-435617968428}"
EndProject
Global
	GlobalSection(SolutionConfigurationPlatforms) = preSolution
		Debug|Any CPU = Debug|Any CPU
		Release|Any CPU = Release|Any CPU
	EndGlobalSection
	GlobalSection(ProjectConfigurationPlatforms) = postSolution
		{2AC5FD03-F7D9-4B0A-987F-3E8095493FB9}.Debug|Any CPU.ActiveCfg = Debug|Any CPU
		{2AC5FD03-F7D9-4B0A-987F-3E8095493FB9}.Debug|Any CPU.Build.0 = Debug|Any CPU
		{2AC5FD03-F7D9-4B0A-987F-3E8095493FB9}.Release|Any CPU.ActiveCfg = Release|Any CPU
		{2AC5FD03-F7D9-4B0A-987F-3E8095493FB9}.Release|Any CPU.Build.0 = Release|Any CPU
		{3EA6107F-1415-45FC-BD74-C961E1B9BCC0}.Debug|Any CPU.ActiveCfg = Debug|Any CPU
		{3EA6107F-1415-45FC-BD74-C961E1B9BCC0}.Debug|Any CPU.Build.0 = Debug|Any CPU
		{3EA6107F-1415-45FC-BD74-C961E1B9BCC0}.Release|Any CPU.ActiveCfg = Release|Any CPU
		{3EA6107F-1415-45FC-BD74-C961E1B9BCC0}.Release|Any CPU.Build.0 = Release|Any CPU
		{CA7707DA-0474-4841-8064-E5A563406B2F}.Debug|Any CPU.ActiveCfg = Debug|Any CPU
		{CA7707DA-0474-4841-8064-E5A563406B2F}.Debug|Any CPU.Build.0 = Debug|Any CPU
		{CA7707DA-0474-4841-8064-E5A563406B2F}.Release|Any CPU.ActiveCfg = Release|Any CPU
		{CA7707DA-0474-4841-8064-E5A563406B2F}.Release|Any CPU.Build.0 = Release|Any CPU
		{9F287399-EB4D-4DAC-8024-2B0713285CB4}.Debug|Any CPU.ActiveCfg = Debug|Any CPU
		{9F287399-EB4D-4DAC-8024-2B0713285CB4}.Debug|Any CPU.Build.0 = Debug|Any CPU
		{9F287399-EB4D-4DAC-8024-2B0713285CB4}.Release|Any CPU.ActiveCfg = Release|Any CPU
		{9F287399-EB4D-4DAC-8024-2B0713285CB4}.Release|Any CPU.Build.0 = Release|Any CPU
		{4EE067B6-FD2E-43F7-9663-85E1C7859AE9}.Debug|Any CPU.ActiveCfg = Debug|Any CPU
		{4EE067B6-FD2E-43F7-9663-85E1C7859AE9}.Debug|Any CPU.Build.0 = Debug|Any CPU
		{4EE067B6-FD2E-43F7-9663-85E1C7859AE9}.Release|Any CPU.ActiveCfg = Release|Any CPU
		{4EE067B6-FD2E-43F7-9663-85E1C7859AE9}.Release|Any CPU.Build.0 = Release|Any CPU
		{2064D91E-E7D6-42F7-9214-E0B263086B50}.Debug|Any CPU.ActiveCfg = Debug|Any CPU
		{2064D91E-E7D6-42F7-9214-E0B263086B50}.Debug|Any CPU.Build.0 = Debug|Any CPU
		{2064D91E-E7D6-42F7-9214-E0B263086B50}.Release|Any CPU.ActiveCfg = Release|Any CPU
		{2064D91E-E7D6-42F7-9214-E0B263086B50}.Release|Any CPU.Build.0 = Release|Any CPU
		{6D892551-4A94-4AE1-8647-03039789B121}.Debug|Any CPU.ActiveCfg = Debug|Any CPU
		{6D892551-4A94-4AE1-8647-03039789B121}.Debug|Any CPU.Build.0 = Debug|Any CPU
		{6D892551-4A94-4AE1-8647-03039789B121}.Release|Any CPU.ActiveCfg = Release|Any CPU
		{6D892551-4A94-4AE1-8647-03039789B121}.Release|Any CPU.Build.0 = Release|Any CPU
		{C7C8A320-185D-4878-AA13-928E21CCBA09}.Debug|Any CPU.ActiveCfg = Debug|Any CPU
		{C7C8A320-185D-4878-AA13-928E21CCBA09}.Debug|Any CPU.Build.0 = Debug|Any CPU
		{C7C8A320-185D-4878-AA13-928E21CCBA09}.Release|Any CPU.ActiveCfg = Release|Any CPU
		{C7C8A320-185D-4878-AA13-928E21CCBA09}.Release|Any CPU.Build.0 = Release|Any CPU
		{52E26CFD-B285-4C0D-BD4C-435617968428}.Debug|Any CPU.ActiveCfg = Debug|Any CPU
		{52E26CFD-B285-4C0D-BD4C-435617968428}.Debug|Any CPU.Build.0 = Debug|Any CPU
		{52E26CFD-B285-4C0D-BD4C-435617968428}.Release|Any CPU.ActiveCfg = Release|Any CPU
		{52E26CFD-B285-4C0D-BD4C-435617968428}.Release|Any CPU.Build.0 = Release|Any CPU
	EndGlobalSection
	GlobalSection(SolutionProperties) = preSolution
		HideSolutionNode = FALSE
	EndGlobalSection
	GlobalSection(NestedProjects) = preSolution
		{3EA6107F-1415-45FC-BD74-C961E1B9BCC0} = {E9DBFAE3-1F0D-41AB-9150-CD206FFAE254}
		{E9DBFAE3-1F0D-41AB-9150-CD206FFAE254} = {8B77BC93-F90A-4314-A2CD-AF071E755043}
		{CA7707DA-0474-4841-8064-E5A563406B2F} = {E9DBFAE3-1F0D-41AB-9150-CD206FFAE254}
		{9F287399-EB4D-4DAC-8024-2B0713285CB4} = {E9DBFAE3-1F0D-41AB-9150-CD206FFAE254}
		{4EE067B6-FD2E-43F7-9663-85E1C7859AE9} = {E9DBFAE3-1F0D-41AB-9150-CD206FFAE254}
		{7E0D7FED-1B5F-4B20-A69F-B881D45CACEA} = {8B77BC93-F90A-4314-A2CD-AF071E755043}
		{2064D91E-E7D6-42F7-9214-E0B263086B50} = {7E0D7FED-1B5F-4B20-A69F-B881D45CACEA}
		{6D892551-4A94-4AE1-8647-03039789B121} = {7E0D7FED-1B5F-4B20-A69F-B881D45CACEA}
		{C7C8A320-185D-4878-AA13-928E21CCBA09} = {7E0D7FED-1B5F-4B20-A69F-B881D45CACEA}
		{52E26CFD-B285-4C0D-BD4C-435617968428} = {7E0D7FED-1B5F-4B20-A69F-B881D45CACEA}
	EndGlobalSection
	GlobalSection(ExtensibilityGlobals) = postSolution
		SolutionGuid = {BEF0C066-7A62-421E-9D63-4FA045D2AD59}
	EndGlobalSection
EndGlobal
